Microsoft Visual Studio Solution File, Format Version 8.00
Project("{8BC9CEB8-8B4A-11D0-8D11-00A0C91BC942}") = "teng", "teng.vcproj", "{7C9C0A00-4332-4DA7-BB9B-2DCAE0045361}"
	ProjectSection(ProjectDependencies) = postProject
	EndProjectSection
EndProject
Global
	GlobalSection(SolutionConfiguration) = preSolution
		Debug = Debug
		Release = Release
	EndGlobalSection
	GlobalSection(ProjectConfiguration) = postSolution
		{7C9C0A00-4332-4DA7-BB9B-2DCAE0045361}.Debug.ActiveCfg = Debug|Win32
		{7C9C0A00-4332-4DA7-BB9B-2DCAE0045361}.Debug.Build.0 = Debug|Win32
		{7C9C0A00-4332-4DA7-BB9B-2DCAE0045361}.Release.ActiveCfg = Release|Win32
		{7C9C0A00-4332-4DA7-BB9B-2DCAE0045361}.Release.Build.0 = Release|Win32
	EndGlobalSection
	GlobalSection(ExtensibilityGlobals) = postSolution
	EndGlobalSection
	GlobalSection(ExtensibilityAddIns) = postSolution
	EndGlobalSection
EndGlobal
